
Microsoft Visual Studio Solution File, Format Version 12.00
# Visual Studio 14
VisualStudioVersion = 14.0.25420.1
MinimumVisualStudioVersion = 10.0.40219.1
Project("{FAE04EC0-301F-11D3-BF4B-00C04F79EFBC}") = "hnliving.web", "hnliving.web\hnliving.web.csproj", "{B42D871A-91D6-4354-B6CC-98C951B50FED}"
EndProject
Project("{FAE04EC0-301F-11D3-BF4B-00C04F79EFBC}") = "hnliving.web.study", "hnliving.web.study\hnliving.web.study.csproj", "{6D07EF07-F0AF-44D4-9977-4984A9611835}"
EndProject
Project("{2150E333-8FDC-42A3-9474-1A3956D46DE8}") = "1.Libraries", "1.Libraries", "{2B522BF2-280C-4ABD-8901-4C89A4E3868A}"
EndProject
Project("{2150E333-8FDC-42A3-9474-1A3956D46DE8}") = "2.Presentation", "2.Presentation", "{5FC76757-64C9-4D5F-945B-2C399627F770}"
EndProject
Project("{2150E333-8FDC-42A3-9474-1A3956D46DE8}") = "4.Plugins", "4.Plugins", "{B63603BE-C9CB-4B1B-A063-784585780129}"
EndProject
Project("{FAE04EC0-301F-11D3-BF4B-00C04F79EFBC}") = "hnliving.web.cate", "hnliving.web.cate\hnliving.web.cate.csproj", "{47877538-A05B-4009-AC8E-D00BB2EF9D1D}"
EndProject
Project("{FAE04EC0-301F-11D3-BF4B-00C04F79EFBC}") = "Lib.Core", "src\Libraries\Lib.Core\Lib.Core.csproj", "{1717AFAF-8EE1-4D46-A9AB-2F0C33EF6F67}"
EndProject
Project("{FAE04EC0-301F-11D3-BF4B-00C04F79EFBC}") = "Lib.Data", "src\Libraries\Lib.Data\Lib.Data.csproj", "{E8D92531-AE61-4882-BCB8-8BF1E470373C}"
EndProject
Project("{FAE04EC0-301F-11D3-BF4B-00C04F79EFBC}") = "Lib.Services", "src\Libraries\Lib.Services\Lib.Services.csproj", "{5965E7D1-84D3-4D64-9CD6-9586BDE15984}"
EndProject
Project("{2150E333-8FDC-42A3-9474-1A3956D46DE8}") = "3.Strategies", "3.Strategies", "{F4E47AEE-62F9-4003-A3EA-0E86E062187F}"
EndProject
Project("{FAE04EC0-301F-11D3-BF4B-00C04F79EFBC}") = "hnliving.LogStrategy.Txt", "src\Strategies\hnliving.LogStrategy.Txt\hnliving.LogStrategy.Txt.csproj", "{2DD12C45-7846-48E2-80FC-8AF76AE3A226}"
EndProject
Project("{FAE04EC0-301F-11D3-BF4B-00C04F79EFBC}") = "hnliving.ConfigStrategy.File", "src\Strategies\hnliving.ConfigStrategy.File\hnliving.ConfigStrategy.File.csproj", "{927BBBF7-C890-450B-B0F5-8EBAF7D3B232}"
EndProject
Project("{FAE04EC0-301F-11D3-BF4B-00C04F79EFBC}") = "hnliving.RDBSStrategy.SqlServer", "src\Strategies\hnliving.RDBSStrategy.SqlServer\hnliving.RDBSStrategy.SqlServer.csproj", "{22FA5F65-78FC-42EB-97E0-DEFFAFA21B19}"
EndProject
Global
	GlobalSection(SolutionConfigurationPlatforms) = preSolution
		Debug|Any CPU = Debug|Any CPU
		Release|Any CPU = Release|Any CPU
	EndGlobalSection
	GlobalSection(ProjectConfigurationPlatforms) = postSolution
		{B42D871A-91D6-4354-B6CC-98C951B50FED}.Debug|Any CPU.ActiveCfg = Debug|Any CPU
		{B42D871A-91D6-4354-B6CC-98C951B50FED}.Debug|Any CPU.Build.0 = Debug|Any CPU
		{B42D871A-91D6-4354-B6CC-98C951B50FED}.Release|Any CPU.ActiveCfg = Release|Any CPU
		{B42D871A-91D6-4354-B6CC-98C951B50FED}.Release|Any CPU.Build.0 = Release|Any CPU
		{6D07EF07-F0AF-44D4-9977-4984A9611835}.Debug|Any CPU.ActiveCfg = Debug|Any CPU
		{6D07EF07-F0AF-44D4-9977-4984A9611835}.Debug|Any CPU.Build.0 = Debug|Any CPU
		{6D07EF07-F0AF-44D4-9977-4984A9611835}.Release|Any CPU.ActiveCfg = Release|Any CPU
		{6D07EF07-F0AF-44D4-9977-4984A9611835}.Release|Any CPU.Build.0 = Release|Any CPU
		{47877538-A05B-4009-AC8E-D00BB2EF9D1D}.Debug|Any CPU.ActiveCfg = Debug|Any CPU
		{47877538-A05B-4009-AC8E-D00BB2EF9D1D}.Debug|Any CPU.Build.0 = Debug|Any CPU
		{47877538-A05B-4009-AC8E-D00BB2EF9D1D}.Release|Any CPU.ActiveCfg = Release|Any CPU
		{47877538-A05B-4009-AC8E-D00BB2EF9D1D}.Release|Any CPU.Build.0 = Release|Any CPU
		{1717AFAF-8EE1-4D46-A9AB-2F0C33EF6F67}.Debug|Any CPU.ActiveCfg = Debug|Any CPU
		{1717AFAF-8EE1-4D46-A9AB-2F0C33EF6F67}.Debug|Any CPU.Build.0 = Debug|Any CPU
		{1717AFAF-8EE1-4D46-A9AB-2F0C33EF6F67}.Release|Any CPU.ActiveCfg = Release|Any CPU
		{1717AFAF-8EE1-4D46-A9AB-2F0C33EF6F67}.Release|Any CPU.Build.0 = Release|Any CPU
		{E8D92531-AE61-4882-BCB8-8BF1E470373C}.Debug|Any CPU.ActiveCfg = Debug|Any CPU
		{E8D92531-AE61-4882-BCB8-8BF1E470373C}.Debug|Any CPU.Build.0 = Debug|Any CPU
		{E8D92531-AE61-4882-BCB8-8BF1E470373C}.Release|Any CPU.ActiveCfg = Release|Any CPU
		{E8D92531-AE61-4882-BCB8-8BF1E470373C}.Release|Any CPU.Build.0 = Release|Any CPU
		{5965E7D1-84D3-4D64-9CD6-9586BDE15984}.Debug|Any CPU.ActiveCfg = Debug|Any CPU
		{5965E7D1-84D3-4D64-9CD6-9586BDE15984}.Debug|Any CPU.Build.0 = Debug|Any CPU
		{5965E7D1-84D3-4D64-9CD6-9586BDE15984}.Release|Any CPU.ActiveCfg = Release|Any CPU
		{5965E7D1-84D3-4D64-9CD6-9586BDE15984}.Release|Any CPU.Build.0 = Release|Any CPU
		{2DD12C45-7846-48E2-80FC-8AF76AE3A226}.Debug|Any CPU.ActiveCfg = Debug|Any CPU
		{2DD12C45-7846-48E2-80FC-8AF76AE3A226}.Debug|Any CPU.Build.0 = Debug|Any CPU
		{2DD12C45-7846-48E2-80FC-8AF76AE3A226}.Release|Any CPU.ActiveCfg = Release|Any CPU
		{2DD12C45-7846-48E2-80FC-8AF76AE3A226}.Release|Any CPU.Build.0 = Release|Any CPU
		{927BBBF7-C890-450B-B0F5-8EBAF7D3B232}.Debug|Any CPU.ActiveCfg = Debug|Any CPU
		{927BBBF7-C890-450B-B0F5-8EBAF7D3B232}.Debug|Any CPU.Build.0 = Debug|Any CPU
		{927BBBF7-C890-450B-B0F5-8EBAF7D3B232}.Release|Any CPU.ActiveCfg = Release|Any CPU
		{927BBBF7-C890-450B-B0F5-8EBAF7D3B232}.Release|Any CPU.Build.0 = Release|Any CPU
		{22FA5F65-78FC-42EB-97E0-DEFFAFA21B19}.Debug|Any CPU.ActiveCfg = Debug|Any CPU
		{22FA5F65-78FC-42EB-97E0-DEFFAFA21B19}.Debug|Any CPU.Build.0 = Debug|Any CPU
		{22FA5F65-78FC-42EB-97E0-DEFFAFA21B19}.Release|Any CPU.ActiveCfg = Release|Any CPU
		{22FA5F65-78FC-42EB-97E0-DEFFAFA21B19}.Release|Any CPU.Build.0 = Release|Any CPU
	EndGlobalSection
	GlobalSection(SolutionProperties) = preSolution
		HideSolutionNode = FALSE
	EndGlobalSection
	GlobalSection(NestedProjects) = preSolution
		{B42D871A-91D6-4354-B6CC-98C951B50FED} = {5FC76757-64C9-4D5F-945B-2C399627F770}
		{6D07EF07-F0AF-44D4-9977-4984A9611835} = {5FC76757-64C9-4D5F-945B-2C399627F770}
		{47877538-A05B-4009-AC8E-D00BB2EF9D1D} = {5FC76757-64C9-4D5F-945B-2C399627F770}
		{1717AFAF-8EE1-4D46-A9AB-2F0C33EF6F67} = {2B522BF2-280C-4ABD-8901-4C89A4E3868A}
		{E8D92531-AE61-4882-BCB8-8BF1E470373C} = {2B522BF2-280C-4ABD-8901-4C89A4E3868A}
		{5965E7D1-84D3-4D64-9CD6-9586BDE15984} = {2B522BF2-280C-4ABD-8901-4C89A4E3868A}
		{2DD12C45-7846-48E2-80FC-8AF76AE3A226} = {F4E47AEE-62F9-4003-A3EA-0E86E062187F}
		{927BBBF7-C890-450B-B0F5-8EBAF7D3B232} = {F4E47AEE-62F9-4003-A3EA-0E86E062187F}
		{22FA5F65-78FC-42EB-97E0-DEFFAFA21B19} = {F4E47AEE-62F9-4003-A3EA-0E86E062187F}
	EndGlobalSection
EndGlobal
